{
  "version": 4,
  "terraform_version": "1.8.3",
  "serial": 644,
  "lineage": "4e69b787-6ef2-5a25-7c9d-f41f5539a626",
  "outputs": {},
  "resources": [
    {
      "module": "module.instances",
      "mode": "managed",
      "type": "google_compute_instance",
      "name": "kubmaster",
      "provider": "provider[\"registry.terraform.io/hashicorp/google\"]",
      "instances": [
        {
          "schema_version": 6,
          "attributes": {
            "advanced_machine_features": [],
            "allow_stopping_for_update": null,
            "attached_disk": [],
            "boot_disk": [
              {
                "auto_delete": true,
                "device_name": "persistent-disk-0",
                "disk_encryption_key_raw": "",
                "disk_encryption_key_sha256": "",
                "initialize_params": [
                  {
                    "enable_confidential_compute": false,
                    "image": "https://www.googleapis.com/compute/v1/projects/ubuntu-os-cloud/global/images/ubuntu-2204-jammy-v20240501",
                    "labels": {},
                    "provisioned_iops": 0,
                    "provisioned_throughput": 0,
                    "resource_manager_tags": null,
                    "size": 10,
                    "type": "pd-standard"
                  }
                ],
                "kms_key_self_link": "",
                "mode": "READ_WRITE",
                "source": "https://www.googleapis.com/compute/v1/projects/new-poject-425116/zones/us-central1-a/disks/bababoy-master"
              }
            ],
            "can_ip_forward": false,
            "confidential_instance_config": [],
            "cpu_platform": "Intel Broadwell",
            "current_status": "RUNNING",
            "deletion_protection": false,
            "description": "",
            "desired_status": null,
            "effective_labels": {},
            "enable_display": false,
            "guest_accelerator": [],
            "hostname": "",
            "id": "projects/new-poject-425116/zones/us-central1-a/instances/bababoy-master",
            "instance_id": "5908231103654291894",
            "label_fingerprint": "42WmSpB8rSM=",
            "labels": null,
            "machine_type": "e2-medium",
            "metadata": {
              "ssh-keys": "stas_kuleckiu:ssh-rsa AAAAB3NzaC1yc2EAAAADAQABAAACAQCnloNV7QJ2P3hFZWzXfpxbVCRv6Ksa+Er7jqiOd2hTrx53DbjYF/fd5hFlO2msL5uPeYqCYvDlNSfVIRFjeghMMH5IBacmwpaG6QfPWRDfsk99om+x9IC7aX/oerUAv4BCMMHP+ph5Suo7vRxne9+MKyE46Scx0ECQlaUDypbYIpHrTktERoSayiBV/Y9ek/ZZtjZVOaG+fAoDCLWqxT4Cu5A2dsIbY2JV6IyUiKQ46Brtmnfe3GX2QbqZFM/uQjJet/7uo39Wd5ZT8RQWXCpmhzIkRxFK7SIcXwTThDnehfQVJaXzigY793vXZlANgqlqWoA2g0dYS7PRTOy5W8Rd2SBRURKUP/jjM30V5Ypkjh5MDOVjJBvOtU0AQCTnibx3MqVhqz2GRmPWrz0pBHy/llj/QP2BqyuUraGKgwJoSNpHA+AZpCeLZT7uXcxjh1i3TnB77att8m8jHIhbfE2d0p848u17F3hqcKWf7mV9fKET3wvlGFtT/I7D+TylapgA1g4NQUxh6bFqPZ/YgTVyniE1txVsvOSXrv8vCdNc6T4iSIxmHGWNjw4PTXvFpaFv5/egu+Jbdyf/Y1Vz5nBsIhVRFbRd+TPQ9cSvn+O6LSfyP/4oRj1g/FjvbUZebckm7AbYagSFSmTKVTIaz510XhDPkTpPqH3bWhEL0TzMLQ== rootuser@rootuser-X555LN\n"
            },
            "metadata_fingerprint": "XuAM22McV4w=",
            "metadata_startup_script": null,
            "min_cpu_platform": "",
            "name": "bababoy-master",
            "network_interface": [
              {
                "access_config": [
                  {
                    "nat_ip": "34.170.86.145",
                    "network_tier": "PREMIUM",
                    "public_ptr_domain_name": ""
                  }
                ],
                "alias_ip_range": [],
                "internal_ipv6_prefix_length": 0,
                "ipv6_access_config": [],
                "ipv6_access_type": "",
                "ipv6_address": "",
                "name": "nic0",
                "network": "https://www.googleapis.com/compute/v1/projects/new-poject-425116/global/networks/bababoy-vpsnetworkter",
                "network_ip": "10.2.3.2",
                "nic_type": "",
                "queue_count": 0,
                "stack_type": "IPV4_ONLY",
                "subnetwork": "https://www.googleapis.com/compute/v1/projects/new-poject-425116/regions/us-central1/subnetworks/bababoy-subnet1",
                "subnetwork_project": "new-poject-425116"
              }
            ],
            "network_performance_config": [],
            "params": [],
            "project": "new-poject-425116",
            "reservation_affinity": [],
            "resource_policies": null,
            "scheduling": [
              {
                "automatic_restart": true,
                "instance_termination_action": "",
                "local_ssd_recovery_timeout": [],
                "min_node_cpus": 0,
                "node_affinities": [],
                "on_host_maintenance": "MIGRATE",
                "preemptible": false,
                "provisioning_model": "STANDARD"
              }
            ],
            "scratch_disk": [],
            "self_link": "https://www.googleapis.com/compute/v1/projects/new-poject-425116/zones/us-central1-a/instances/bababoy-master",
            "service_account": [],
            "shielded_instance_config": [
              {
                "enable_integrity_monitoring": true,
                "enable_secure_boot": false,
                "enable_vtpm": true
              }
            ],
            "tags": [
              "fierwall-http-https",
              "fierwall-kuber",
              "fierwall-ssh"
            ],
            "tags_fingerprint": "HqFfCual-Bs=",
            "terraform_labels": {},
            "timeouts": null,
            "zone": "us-central1-a"
          },
          "sensitive_attributes": [
            [
              {
                "type": "get_attr",
                "value": "boot_disk"
              },
              {
                "type": "index",
                "value": {
                  "value": 0,
                  "type": "number"
                }
              },
              {
                "type": "get_attr",
                "value": "disk_encryption_key_raw"
              }
            ]
          ],
          "private": "eyJlMmJmYjczMC1lY2FhLTExZTYtOGY4OC0zNDM2M2JjN2M0YzAiOnsiY3JlYXRlIjoxMjAwMDAwMDAwMDAwLCJkZWxldGUiOjEyMDAwMDAwMDAwMDAsInVwZGF0ZSI6MTIwMDAwMDAwMDAwMH0sInNjaGVtYV92ZXJzaW9uIjoiNiJ9",
          "dependencies": [
            "module.networks.google_compute_network.mynetwork",
            "module.networks.google_compute_subnetwork.privatesub1"
          ]
        }
      ]
    },
    {
      "module": "module.instances",
      "mode": "managed",
      "type": "google_compute_instance",
      "name": "kubworker",
      "provider": "provider[\"registry.terraform.io/hashicorp/google\"]",
      "instances": [
        {
          "schema_version": 6,
          "attributes": {
            "advanced_machine_features": [],
            "allow_stopping_for_update": null,
            "attached_disk": [],
            "boot_disk": [
              {
                "auto_delete": true,
                "device_name": "persistent-disk-0",
                "disk_encryption_key_raw": "",
                "disk_encryption_key_sha256": "",
                "initialize_params": [
                  {
                    "enable_confidential_compute": false,
                    "image": "https://www.googleapis.com/compute/v1/projects/ubuntu-os-cloud/global/images/ubuntu-2204-jammy-v20240501",
                    "labels": {},
                    "provisioned_iops": 0,
                    "provisioned_throughput": 0,
                    "resource_manager_tags": null,
                    "size": 10,
                    "type": "pd-standard"
                  }
                ],
                "kms_key_self_link": "",
                "mode": "READ_WRITE",
                "source": "https://www.googleapis.com/compute/v1/projects/new-poject-425116/zones/us-central1-a/disks/bababoy-worker"
              }
            ],
            "can_ip_forward": false,
            "confidential_instance_config": [],
            "cpu_platform": "Intel Broadwell",
            "current_status": "RUNNING",
            "deletion_protection": false,
            "description": "",
            "desired_status": null,
            "effective_labels": {},
            "enable_display": false,
            "guest_accelerator": [],
            "hostname": "",
            "id": "projects/new-poject-425116/zones/us-central1-a/instances/bababoy-worker",
            "instance_id": "710705893875542454",
            "label_fingerprint": "42WmSpB8rSM=",
            "labels": null,
            "machine_type": "e2-micro",
            "metadata": {
              "ssh-keys": "stas_kuleckiu:ssh-rsa AAAAB3NzaC1yc2EAAAADAQABAAACAQCnloNV7QJ2P3hFZWzXfpxbVCRv6Ksa+Er7jqiOd2hTrx53DbjYF/fd5hFlO2msL5uPeYqCYvDlNSfVIRFjeghMMH5IBacmwpaG6QfPWRDfsk99om+x9IC7aX/oerUAv4BCMMHP+ph5Suo7vRxne9+MKyE46Scx0ECQlaUDypbYIpHrTktERoSayiBV/Y9ek/ZZtjZVOaG+fAoDCLWqxT4Cu5A2dsIbY2JV6IyUiKQ46Brtmnfe3GX2QbqZFM/uQjJet/7uo39Wd5ZT8RQWXCpmhzIkRxFK7SIcXwTThDnehfQVJaXzigY793vXZlANgqlqWoA2g0dYS7PRTOy5W8Rd2SBRURKUP/jjM30V5Ypkjh5MDOVjJBvOtU0AQCTnibx3MqVhqz2GRmPWrz0pBHy/llj/QP2BqyuUraGKgwJoSNpHA+AZpCeLZT7uXcxjh1i3TnB77att8m8jHIhbfE2d0p848u17F3hqcKWf7mV9fKET3wvlGFtT/I7D+TylapgA1g4NQUxh6bFqPZ/YgTVyniE1txVsvOSXrv8vCdNc6T4iSIxmHGWNjw4PTXvFpaFv5/egu+Jbdyf/Y1Vz5nBsIhVRFbRd+TPQ9cSvn+O6LSfyP/4oRj1g/FjvbUZebckm7AbYagSFSmTKVTIaz510XhDPkTpPqH3bWhEL0TzMLQ== rootuser@rootuser-X555LN\n"
            },
            "metadata_fingerprint": "XuAM22McV4w=",
            "metadata_startup_script": null,
            "min_cpu_platform": "",
            "name": "bababoy-worker",
            "network_interface": [
              {
                "access_config": [
                  {
                    "nat_ip": "35.194.24.138",
                    "network_tier": "PREMIUM",
                    "public_ptr_domain_name": ""
                  }
                ],
                "alias_ip_range": [],
                "internal_ipv6_prefix_length": 0,
                "ipv6_access_config": [],
                "ipv6_access_type": "",
                "ipv6_address": "",
                "name": "nic0",
                "network": "https://www.googleapis.com/compute/v1/projects/new-poject-425116/global/networks/bababoy-vpsnetworkter",
                "network_ip": "10.2.3.3",
                "nic_type": "",
                "queue_count": 0,
                "stack_type": "IPV4_ONLY",
                "subnetwork": "https://www.googleapis.com/compute/v1/projects/new-poject-425116/regions/us-central1/subnetworks/bababoy-subnet1",
                "subnetwork_project": "new-poject-425116"
              }
            ],
            "network_performance_config": [],
            "params": [],
            "project": "new-poject-425116",
            "reservation_affinity": [],
            "resource_policies": null,
            "scheduling": [
              {
                "automatic_restart": true,
                "instance_termination_action": "",
                "local_ssd_recovery_timeout": [],
                "min_node_cpus": 0,
                "node_affinities": [],
                "on_host_maintenance": "MIGRATE",
                "preemptible": false,
                "provisioning_model": "STANDARD"
              }
            ],
            "scratch_disk": [],
            "self_link": "https://www.googleapis.com/compute/v1/projects/new-poject-425116/zones/us-central1-a/instances/bababoy-worker",
            "service_account": [],
            "shielded_instance_config": [
              {
                "enable_integrity_monitoring": true,
                "enable_secure_boot": false,
                "enable_vtpm": true
              }
            ],
            "tags": [
              "fierwall-http-https",
              "fierwall-kuber",
              "fierwall-ssh"
            ],
            "tags_fingerprint": "HqFfCual-Bs=",
            "terraform_labels": {},
            "timeouts": null,
            "zone": "us-central1-a"
          },
          "sensitive_attributes": [
            [
              {
                "type": "get_attr",
                "value": "boot_disk"
              },
              {
                "type": "index",
                "value": {
                  "value": 0,
                  "type": "number"
                }
              },
              {
                "type": "get_attr",
                "value": "disk_encryption_key_raw"
              }
            ]
          ],
          "private": "eyJlMmJmYjczMC1lY2FhLTExZTYtOGY4OC0zNDM2M2JjN2M0YzAiOnsiY3JlYXRlIjoxMjAwMDAwMDAwMDAwLCJkZWxldGUiOjEyMDAwMDAwMDAwMDAsInVwZGF0ZSI6MTIwMDAwMDAwMDAwMH0sInNjaGVtYV92ZXJzaW9uIjoiNiJ9",
          "dependencies": [
            "module.networks.google_compute_network.mynetwork",
            "module.networks.google_compute_subnetwork.privatesub1"
          ]
        }
      ]
    },
    {
      "module": "module.instances",
      "mode": "managed",
      "type": "local_file",
      "name": "ansible_inventory",
      "provider": "provider[\"registry.terraform.io/hashicorp/local\"]",
      "instances": [
        {
          "schema_version": 0,
          "attributes": {
            "content": "[kubmaster]\nmaster ansible_host=34.170.86.145 ansible_user=stas_kuleckiu ansible_ssh_private_key_file=/home/rootuser/k8s+ter+ans/rsaa\n[kubworker]\nworker ansible_host=35.194.24.138 ansible_user=stas_kuleckiu ansible_ssh_private_key_file=/home/rootuser/k8s+ter+ans/rsaa\n",
            "content_base64": null,
            "content_base64sha256": "vRBJF2zhjBgDWu/Vc297rOqBJpUoEJKqpWkN3DaznAY=",
            "content_base64sha512": "1der2+0LjTDazvILCjlSgtQ5pqLqqSYfco5+x6jux4Os+wKkn2TZePHqJDAyH7i/9Vw2KOWL0/o0k0Xv1n17rA==",
            "content_md5": "c84f0325f9ba91cfe14b8bb8ad36ff17",
            "content_sha1": "d7d4f2c90ae52cd9bd415fd3515a8bc6d466fa78",
            "content_sha256": "bd1049176ce18c18035aefd5736f7bacea812695281092aaa5690ddc36b39c06",
            "content_sha512": "d5d7abdbed0b8d30dacef20b0a395282d439a6a2eaa9261f728e7ec7a8eec783acfb02a49f64d978f1ea2430321fb8bff55c3628e58bd3fa349345efd67d7bac",
            "directory_permission": "0777",
            "file_permission": "0777",
            "filename": "/home/rootuser/k8s+ter+ans/ansible/inventories/inventory",
            "id": "d7d4f2c90ae52cd9bd415fd3515a8bc6d466fa78",
            "sensitive_content": null,
            "source": null
          },
          "sensitive_attributes": [
            [
              {
                "type": "get_attr",
                "value": "sensitive_content"
              }
            ]
          ],
          "dependencies": [
            "module.instances.google_compute_instance.kubmaster",
            "module.instances.google_compute_instance.kubworker",
            "module.networks.google_compute_network.mynetwork",
            "module.networks.google_compute_subnetwork.privatesub1"
          ]
        }
      ]
    },
    {
      "module": "module.instances",
      "mode": "managed",
      "type": "null_resource",
      "name": "run_ansible_playbook",
      "provider": "provider[\"registry.terraform.io/hashicorp/null\"]",
      "instances": [
        {
          "schema_version": 0,
          "attributes": {
            "id": "2032293950850085318",
            "triggers": null
          },
          "sensitive_attributes": [],
          "dependencies": [
            "module.instances.google_compute_instance.kubmaster",
            "module.instances.google_compute_instance.kubworker",
            "module.instances.local_file.ansible_inventory",
            "module.networks.google_compute_network.mynetwork",
            "module.networks.google_compute_subnetwork.privatesub1"
          ]
        }
      ]
    },
    {
      "module": "module.instances",
      "mode": "managed",
      "type": "null_resource",
      "name": "test_ssh_master",
      "provider": "provider[\"registry.terraform.io/hashicorp/null\"]",
      "instances": [
        {
          "schema_version": 0,
          "attributes": {
            "id": "8074980807640381981",
            "triggers": null
          },
          "sensitive_attributes": [],
          "dependencies": [
            "module.instances.google_compute_instance.kubmaster",
            "module.networks.google_compute_network.mynetwork",
            "module.networks.google_compute_subnetwork.privatesub1"
          ]
        }
      ]
    },
    {
      "module": "module.instances",
      "mode": "managed",
      "type": "null_resource",
      "name": "test_ssh_worker",
      "provider": "provider[\"registry.terraform.io/hashicorp/null\"]",
      "instances": [
        {
          "schema_version": 0,
          "attributes": {
            "id": "8676860049660805954",
            "triggers": null
          },
          "sensitive_attributes": [],
          "dependencies": [
            "module.instances.google_compute_instance.kubworker",
            "module.networks.google_compute_network.mynetwork",
            "module.networks.google_compute_subnetwork.privatesub1"
          ]
        }
      ]
    },
    {
      "module": "module.networks",
      "mode": "managed",
      "type": "google_compute_firewall",
      "name": "fierwall-http-https",
      "provider": "provider[\"registry.terraform.io/hashicorp/google\"]",
      "instances": [
        {
          "schema_version": 1,
          "attributes": {
            "allow": [
              {
                "ports": [
                  "443",
                  "80"
                ],
                "protocol": "tcp"
              }
            ],
            "creation_timestamp": "2024-07-17T07:37:51.100-07:00",
            "deny": [],
            "description": "",
            "destination_ranges": [],
            "direction": "INGRESS",
            "disabled": false,
            "enable_logging": null,
            "id": "projects/new-poject-425116/global/firewalls/bababoy-fierwall-http-https",
            "log_config": [],
            "name": "bababoy-fierwall-http-https",
            "network": "https://www.googleapis.com/compute/v1/projects/new-poject-425116/global/networks/bababoy-vpsnetworkter",
            "priority": 1000,
            "project": "new-poject-425116",
            "self_link": "https://www.googleapis.com/compute/v1/projects/new-poject-425116/global/firewalls/bababoy-fierwall-http-https",
            "source_ranges": [
              "0.0.0.0/0"
            ],
            "source_service_accounts": null,
            "source_tags": null,
            "target_service_accounts": null,
            "target_tags": [
              "fierwall-http-https"
            ],
            "timeouts": null
          },
          "sensitive_attributes": [],
          "private": "eyJlMmJmYjczMC1lY2FhLTExZTYtOGY4OC0zNDM2M2JjN2M0YzAiOnsiY3JlYXRlIjoxMjAwMDAwMDAwMDAwLCJkZWxldGUiOjEyMDAwMDAwMDAwMDAsInVwZGF0ZSI6MTIwMDAwMDAwMDAwMH0sInNjaGVtYV92ZXJzaW9uIjoiMSJ9",
          "dependencies": [
            "module.networks.google_compute_network.mynetwork"
          ]
        }
      ]
    },
    {
      "module": "module.networks",
      "mode": "managed",
      "type": "google_compute_firewall",
      "name": "fierwall-kuber",
      "provider": "provider[\"registry.terraform.io/hashicorp/google\"]",
      "instances": [
        {
          "schema_version": 1,
          "attributes": {
            "allow": [
              {
                "ports": [
                  "53",
                  "68",
                  "323",
                  "6443",
                  "44111",
                  "2379-2381",
                  "10248-10260",
                  "10250",
                  "30000-32767",
                  "2376",
                  "8472",
                  "9099",
                  "2379-2380",
                  "9100",
                  "9090",
                  "3000"
                ],
                "protocol": "tcp"
              }
            ],
            "creation_timestamp": "2024-07-17T07:37:51.122-07:00",
            "deny": [],
            "description": "",
            "destination_ranges": [],
            "direction": "INGRESS",
            "disabled": false,
            "enable_logging": null,
            "id": "projects/new-poject-425116/global/firewalls/bababoy-fierwall-kuber",
            "log_config": [],
            "name": "bababoy-fierwall-kuber",
            "network": "https://www.googleapis.com/compute/v1/projects/new-poject-425116/global/networks/bababoy-vpsnetworkter",
            "priority": 1000,
            "project": "new-poject-425116",
            "self_link": "https://www.googleapis.com/compute/v1/projects/new-poject-425116/global/firewalls/bababoy-fierwall-kuber",
            "source_ranges": [
              "0.0.0.0/0"
            ],
            "source_service_accounts": null,
            "source_tags": null,
            "target_service_accounts": null,
            "target_tags": [
              "fierwall-kuber"
            ],
            "timeouts": null
          },
          "sensitive_attributes": [],
          "private": "eyJlMmJmYjczMC1lY2FhLTExZTYtOGY4OC0zNDM2M2JjN2M0YzAiOnsiY3JlYXRlIjoxMjAwMDAwMDAwMDAwLCJkZWxldGUiOjEyMDAwMDAwMDAwMDAsInVwZGF0ZSI6MTIwMDAwMDAwMDAwMH0sInNjaGVtYV92ZXJzaW9uIjoiMSJ9",
          "dependencies": [
            "module.networks.google_compute_network.mynetwork"
          ]
        }
      ]
    },
    {
      "module": "module.networks",
      "mode": "managed",
      "type": "google_compute_firewall",
      "name": "fierwall-ssh",
      "provider": "provider[\"registry.terraform.io/hashicorp/google\"]",
      "instances": [
        {
          "schema_version": 1,
          "attributes": {
            "allow": [
              {
                "ports": [
                  "22"
                ],
                "protocol": "tcp"
              }
            ],
            "creation_timestamp": "2024-07-17T07:37:51.174-07:00",
            "deny": [],
            "description": "",
            "destination_ranges": [],
            "direction": "INGRESS",
            "disabled": false,
            "enable_logging": null,
            "id": "projects/new-poject-425116/global/firewalls/bababoy-fierwall-ssh",
            "log_config": [],
            "name": "bababoy-fierwall-ssh",
            "network": "https://www.googleapis.com/compute/v1/projects/new-poject-425116/global/networks/bababoy-vpsnetworkter",
            "priority": 1000,
            "project": "new-poject-425116",
            "self_link": "https://www.googleapis.com/compute/v1/projects/new-poject-425116/global/firewalls/bababoy-fierwall-ssh",
            "source_ranges": [
              "0.0.0.0/0"
            ],
            "source_service_accounts": null,
            "source_tags": null,
            "target_service_accounts": null,
            "target_tags": [
              "fierwall-ssh"
            ],
            "timeouts": null
          },
          "sensitive_attributes": [],
          "private": "eyJlMmJmYjczMC1lY2FhLTExZTYtOGY4OC0zNDM2M2JjN2M0YzAiOnsiY3JlYXRlIjoxMjAwMDAwMDAwMDAwLCJkZWxldGUiOjEyMDAwMDAwMDAwMDAsInVwZGF0ZSI6MTIwMDAwMDAwMDAwMH0sInNjaGVtYV92ZXJzaW9uIjoiMSJ9",
          "dependencies": [
            "module.networks.google_compute_network.mynetwork"
          ]
        }
      ]
    },
    {
      "module": "module.networks",
      "mode": "managed",
      "type": "google_compute_network",
      "name": "mynetwork",
      "provider": "provider[\"registry.terraform.io/hashicorp/google\"]",
      "instances": [
        {
          "schema_version": 0,
          "attributes": {
            "auto_create_subnetworks": false,
            "delete_default_routes_on_create": false,
            "description": "",
            "enable_ula_internal_ipv6": false,
            "gateway_ipv4": "",
            "id": "projects/new-poject-425116/global/networks/bababoy-vpsnetworkter",
            "internal_ipv6_range": "",
            "mtu": 0,
            "name": "bababoy-vpsnetworkter",
            "network_firewall_policy_enforcement_order": "AFTER_CLASSIC_FIREWALL",
            "numeric_id": "2702283581945440711",
            "project": "new-poject-425116",
            "routing_mode": "REGIONAL",
            "self_link": "https://www.googleapis.com/compute/v1/projects/new-poject-425116/global/networks/bababoy-vpsnetworkter",
            "timeouts": null
          },
          "sensitive_attributes": [],
          "private": "eyJlMmJmYjczMC1lY2FhLTExZTYtOGY4OC0zNDM2M2JjN2M0YzAiOnsiY3JlYXRlIjoxMjAwMDAwMDAwMDAwLCJkZWxldGUiOjEyMDAwMDAwMDAwMDAsInVwZGF0ZSI6MTIwMDAwMDAwMDAwMH19"
        }
      ]
    },
    {
      "module": "module.networks",
      "mode": "managed",
      "type": "google_compute_subnetwork",
      "name": "privatesub1",
      "provider": "provider[\"registry.terraform.io/hashicorp/google\"]",
      "instances": [
        {
          "schema_version": 0,
          "attributes": {
            "creation_timestamp": "2024-07-17T07:37:51.883-07:00",
            "description": "",
            "external_ipv6_prefix": "",
            "fingerprint": null,
            "gateway_address": "10.2.3.1",
            "id": "projects/new-poject-425116/regions/us-central1/subnetworks/bababoy-subnet1",
            "internal_ipv6_prefix": "",
            "ip_cidr_range": "10.2.3.0/24",
            "ipv6_access_type": "",
            "ipv6_cidr_range": "",
            "log_config": [],
            "name": "bababoy-subnet1",
            "network": "https://www.googleapis.com/compute/v1/projects/new-poject-425116/global/networks/bababoy-vpsnetworkter",
            "private_ip_google_access": false,
            "private_ipv6_google_access": "DISABLE_GOOGLE_ACCESS",
            "project": "new-poject-425116",
            "purpose": "PRIVATE",
            "region": "us-central1",
            "role": "",
            "secondary_ip_range": [],
            "self_link": "https://www.googleapis.com/compute/v1/projects/new-poject-425116/regions/us-central1/subnetworks/bababoy-subnet1",
            "stack_type": "IPV4_ONLY",
            "timeouts": null
          },
          "sensitive_attributes": [],
          "private": "eyJlMmJmYjczMC1lY2FhLTExZTYtOGY4OC0zNDM2M2JjN2M0YzAiOnsiY3JlYXRlIjoxMjAwMDAwMDAwMDAwLCJkZWxldGUiOjEyMDAwMDAwMDAwMDAsInVwZGF0ZSI6MTIwMDAwMDAwMDAwMH19",
          "dependencies": [
            "module.networks.google_compute_network.mynetwork"
          ]
        }
      ]
    }
  ],
  "check_results": null
}
